// !$*UTF8*$!
{
	archiveVersion = 1;
	classes = {
	};
	objectVersion = 48;
	objects = {

/* Begin PBXBuildFile section */
		429D81ACB847239CB549192E /* Pods_CampusAppChallenge.framework in Frameworks */ = {isa = PBXBuildFile; fileRef = 5935ADCF0CCD0B9F11787B02 /* Pods_CampusAppChallenge.framework */; };
		5FE69026200AA231007AA46F /* FindMe.storyboard in Resources */ = {isa = PBXBuildFile; fileRef = 5FE69025200AA230007AA46F /* FindMe.storyboard */; };
		5FE69028200AA949007AA46F /* News.storyboard in Resources */ = {isa = PBXBuildFile; fileRef = 5FE69027200AA949007AA46F /* News.storyboard */; };
		8849DCC4200A2A6800B94987 /* AppDelegate.swift in Sources */ = {isa = PBXBuildFile; fileRef = 8849DCC3200A2A6800B94987 /* AppDelegate.swift */; };
		8849DCC9200A2A6800B94987 /* Main.storyboard in Resources */ = {isa = PBXBuildFile; fileRef = 8849DCC7200A2A6800B94987 /* Main.storyboard */; };
		8849DCCE200A2A6800B94987 /* Assets.xcassets in Resources */ = {isa = PBXBuildFile; fileRef = 8849DCCD200A2A6800B94987 /* Assets.xcassets */; };
		8849DCD1200A2A6800B94987 /* LaunchScreen.storyboard in Resources */ = {isa = PBXBuildFile; fileRef = 8849DCCF200A2A6800B94987 /* LaunchScreen.storyboard */; };
		8849DCDC200A2A6800B94987 /* CampusAppChallengeTests.swift in Sources */ = {isa = PBXBuildFile; fileRef = 8849DCDB200A2A6800B94987 /* CampusAppChallengeTests.swift */; };
		8849DCEB200A3D7400B94987 /* TabBarController.swift in Sources */ = {isa = PBXBuildFile; fileRef = 8849DCEA200A3D7400B94987 /* TabBarController.swift */; };
		8849DCED200A3DA500B94987 /* VirtualDeskViewController.swift in Sources */ = {isa = PBXBuildFile; fileRef = 8849DCEC200A3DA500B94987 /* VirtualDeskViewController.swift */; };
		8849DCF3200A426A00B94987 /* Values.swift in Sources */ = {isa = PBXBuildFile; fileRef = 8849DCF2200A426A00B94987 /* Values.swift */; };
		8849DCF5200A704A00B94987 /* HomeViewController.swift in Sources */ = {isa = PBXBuildFile; fileRef = 8849DCF4200A704A00B94987 /* HomeViewController.swift */; };
		8849DCF7200A72A600B94987 /* StateListener.swift in Sources */ = {isa = PBXBuildFile; fileRef = 8849DCF6200A72A600B94987 /* StateListener.swift */; };
		8849DCF9200A764F00B94987 /* MapListener.swift in Sources */ = {isa = PBXBuildFile; fileRef = 8849DCF8200A764F00B94987 /* MapListener.swift */; };
		B54C5AC8200A5C580053D97D /* USOSApiHandler.swift in Sources */ = {isa = PBXBuildFile; fileRef = B54C5AC7200A5C580053D97D /* USOSApiHandler.swift */; };
		B5818322200A8E4800CAA58C /* Schedule.swift in Sources */ = {isa = PBXBuildFile; fileRef = B5818321200A8E4800CAA58C /* Schedule.swift */; };
		B5818324200A8E4E00CAA58C /* Event.swift in Sources */ = {isa = PBXBuildFile; fileRef = B5818323200A8E4E00CAA58C /* Event.swift */; };
		B5818326200A8F6500CAA58C /* Extensions.swift in Sources */ = {isa = PBXBuildFile; fileRef = B5818325200A8F6500CAA58C /* Extensions.swift */; };
		B581832A200AA54B00CAA58C /* FindMeViewController.swift in Sources */ = {isa = PBXBuildFile; fileRef = B5818329200AA54B00CAA58C /* FindMeViewController.swift */; };
		B581832C200AB6B800CAA58C /* Lecturer.swift in Sources */ = {isa = PBXBuildFile; fileRef = B581832B200AB6B800CAA58C /* Lecturer.swift */; };
		B581832E200AB88900CAA58C /* Personable.swift in Sources */ = {isa = PBXBuildFile; fileRef = B581832D200AB88900CAA58C /* Personable.swift */; };
		B5818331200AB8ED00CAA58C /* Collegue.swift in Sources */ = {isa = PBXBuildFile; fileRef = B5818330200AB8ED00CAA58C /* Collegue.swift */; };
		B5818335200AC2EC00CAA58C /* FindPeopleView.swift in Sources */ = {isa = PBXBuildFile; fileRef = B5818334200AC2EC00CAA58C /* FindPeopleView.swift */; };
/* End PBXBuildFile section */

/* Begin PBXContainerItemProxy section */
		8849DCD8200A2A6800B94987 /* PBXContainerItemProxy */ = {
			isa = PBXContainerItemProxy;
			containerPortal = 8849DCB8200A2A6700B94987 /* Project object */;
			proxyType = 1;
			remoteGlobalIDString = 8849DCBF200A2A6700B94987;
			remoteInfo = CampusAppChallenge;
		};
/* End PBXContainerItemProxy section */

/* Begin PBXFileReference section */
		2D7455B425CAC9E221C3E297 /* Pods-CampusAppChallenge.release.xcconfig */ = {isa = PBXFileReference; includeInIndex = 1; lastKnownFileType = text.xcconfig; name = "Pods-CampusAppChallenge.release.xcconfig"; path = "Pods/Target Support Files/Pods-CampusAppChallenge/Pods-CampusAppChallenge.release.xcconfig"; sourceTree = "<group>"; };
		5935ADCF0CCD0B9F11787B02 /* Pods_CampusAppChallenge.framework */ = {isa = PBXFileReference; explicitFileType = wrapper.framework; includeInIndex = 0; path = Pods_CampusAppChallenge.framework; sourceTree = BUILT_PRODUCTS_DIR; };
		5FE69025200AA230007AA46F /* FindMe.storyboard */ = {isa = PBXFileReference; lastKnownFileType = file.storyboard; path = FindMe.storyboard; sourceTree = "<group>"; };
		5FE69027200AA949007AA46F /* News.storyboard */ = {isa = PBXFileReference; lastKnownFileType = file.storyboard; path = News.storyboard; sourceTree = "<group>"; };
		8849DCC0200A2A6700B94987 /* CampusAppChallenge.app */ = {isa = PBXFileReference; explicitFileType = wrapper.application; includeInIndex = 0; path = CampusAppChallenge.app; sourceTree = BUILT_PRODUCTS_DIR; };
		8849DCC3200A2A6800B94987 /* AppDelegate.swift */ = {isa = PBXFileReference; lastKnownFileType = sourcecode.swift; path = AppDelegate.swift; sourceTree = "<group>"; };
		8849DCC8200A2A6800B94987 /* Base */ = {isa = PBXFileReference; lastKnownFileType = file.storyboard; name = Base; path = Base.lproj/Main.storyboard; sourceTree = "<group>"; };
		8849DCCD200A2A6800B94987 /* Assets.xcassets */ = {isa = PBXFileReference; lastKnownFileType = folder.assetcatalog; path = Assets.xcassets; sourceTree = "<group>"; };
		8849DCD0200A2A6800B94987 /* Base */ = {isa = PBXFileReference; lastKnownFileType = file.storyboard; name = Base; path = Base.lproj/LaunchScreen.storyboard; sourceTree = "<group>"; };
		8849DCD2200A2A6800B94987 /* Info.plist */ = {isa = PBXFileReference; lastKnownFileType = text.plist.xml; path = Info.plist; sourceTree = "<group>"; };
		8849DCD7200A2A6800B94987 /* CampusAppChallengeTests.xctest */ = {isa = PBXFileReference; explicitFileType = wrapper.cfbundle; includeInIndex = 0; path = CampusAppChallengeTests.xctest; sourceTree = BUILT_PRODUCTS_DIR; };
		8849DCDB200A2A6800B94987 /* CampusAppChallengeTests.swift */ = {isa = PBXFileReference; lastKnownFileType = sourcecode.swift; path = CampusAppChallengeTests.swift; sourceTree = "<group>"; };
		8849DCDD200A2A6800B94987 /* Info.plist */ = {isa = PBXFileReference; lastKnownFileType = text.plist.xml; path = Info.plist; sourceTree = "<group>"; };
		8849DCEA200A3D7400B94987 /* TabBarController.swift */ = {isa = PBXFileReference; lastKnownFileType = sourcecode.swift; path = TabBarController.swift; sourceTree = "<group>"; };
		8849DCEC200A3DA500B94987 /* VirtualDeskViewController.swift */ = {isa = PBXFileReference; lastKnownFileType = sourcecode.swift; path = VirtualDeskViewController.swift; sourceTree = "<group>"; };
		8849DCF2200A426A00B94987 /* Values.swift */ = {isa = PBXFileReference; lastKnownFileType = sourcecode.swift; path = Values.swift; sourceTree = "<group>"; };
		8849DCF4200A704A00B94987 /* HomeViewController.swift */ = {isa = PBXFileReference; lastKnownFileType = sourcecode.swift; path = HomeViewController.swift; sourceTree = "<group>"; };
		8849DCF6200A72A600B94987 /* StateListener.swift */ = {isa = PBXFileReference; lastKnownFileType = sourcecode.swift; name = StateListener.swift; path = CampusAppChallenge/Controllers/StateListener.swift; sourceTree = SOURCE_ROOT; };
		8849DCF8200A764F00B94987 /* MapListener.swift */ = {isa = PBXFileReference; lastKnownFileType = sourcecode.swift; name = MapListener.swift; path = CampusAppChallenge/Controllers/MapListener.swift; sourceTree = SOURCE_ROOT; };
		B54C5AC7200A5C580053D97D /* USOSApiHandler.swift */ = {isa = PBXFileReference; lastKnownFileType = sourcecode.swift; name = USOSApiHandler.swift; path = "CampusAppChallenge/Controllers/Rafał dzban/USOSApiHandler.swift"; sourceTree = SOURCE_ROOT; };
		B5818321200A8E4800CAA58C /* Schedule.swift */ = {isa = PBXFileReference; lastKnownFileType = sourcecode.swift; path = Schedule.swift; sourceTree = "<group>"; };
		B5818323200A8E4E00CAA58C /* Event.swift */ = {isa = PBXFileReference; lastKnownFileType = sourcecode.swift; path = Event.swift; sourceTree = "<group>"; };
		B5818325200A8F6500CAA58C /* Extensions.swift */ = {isa = PBXFileReference; lastKnownFileType = sourcecode.swift; path = Extensions.swift; sourceTree = "<group>"; };
		B5818329200AA54B00CAA58C /* FindMeViewController.swift */ = {isa = PBXFileReference; lastKnownFileType = sourcecode.swift; path = FindMeViewController.swift; sourceTree = "<group>"; };
		B581832B200AB6B800CAA58C /* Lecturer.swift */ = {isa = PBXFileReference; lastKnownFileType = sourcecode.swift; path = Lecturer.swift; sourceTree = "<group>"; };
		B581832D200AB88900CAA58C /* Personable.swift */ = {isa = PBXFileReference; lastKnownFileType = sourcecode.swift; path = Personable.swift; sourceTree = "<group>"; };
		B5818330200AB8ED00CAA58C /* Collegue.swift */ = {isa = PBXFileReference; lastKnownFileType = sourcecode.swift; path = Collegue.swift; sourceTree = "<group>"; };
		B5818334200AC2EC00CAA58C /* FindPeopleView.swift */ = {isa = PBXFileReference; lastKnownFileType = sourcecode.swift; path = FindPeopleView.swift; sourceTree = "<group>"; };
		C8830DA0CA6DB79E4E2FCFE3 /* Pods-CampusAppChallenge.debug.xcconfig */ = {isa = PBXFileReference; includeInIndex = 1; lastKnownFileType = text.xcconfig; name = "Pods-CampusAppChallenge.debug.xcconfig"; path = "Pods/Target Support Files/Pods-CampusAppChallenge/Pods-CampusAppChallenge.debug.xcconfig"; sourceTree = "<group>"; };
/* End PBXFileReference section */

/* Begin PBXFrameworksBuildPhase section */
		8849DCBD200A2A6700B94987 /* Frameworks */ = {
			isa = PBXFrameworksBuildPhase;
			buildActionMask = 2147483647;
			files = (
				429D81ACB847239CB549192E /* Pods_CampusAppChallenge.framework in Frameworks */,
			);
			runOnlyForDeploymentPostprocessing = 0;
		};
		8849DCD4200A2A6800B94987 /* Frameworks */ = {
			isa = PBXFrameworksBuildPhase;
			buildActionMask = 2147483647;
			files = (
			);
			runOnlyForDeploymentPostprocessing = 0;
		};
/* End PBXFrameworksBuildPhase section */

/* Begin PBXGroup section */
		592952E68AED0E6A565F583C /* Frameworks */ = {
			isa = PBXGroup;
			children = (
				5935ADCF0CCD0B9F11787B02 /* Pods_CampusAppChallenge.framework */,
			);
			name = Frameworks;
			sourceTree = "<group>";
		};
		8849DCB7200A2A6700B94987 = {
			isa = PBXGroup;
			children = (
				8849DCC2200A2A6700B94987 /* CampusAppChallenge */,
				8849DCDA200A2A6800B94987 /* CampusAppChallengeTests */,
				8849DCC1200A2A6700B94987 /* Products */,
				AA1D8C4224506DD07E87DB23 /* Pods */,
				592952E68AED0E6A565F583C /* Frameworks */,
			);
			sourceTree = "<group>";
		};
		8849DCC1200A2A6700B94987 /* Products */ = {
			isa = PBXGroup;
			children = (
				8849DCC0200A2A6700B94987 /* CampusAppChallenge.app */,
				8849DCD7200A2A6800B94987 /* CampusAppChallengeTests.xctest */,
			);
			name = Products;
			sourceTree = "<group>";
		};
		8849DCC2200A2A6700B94987 /* CampusAppChallenge */ = {
			isa = PBXGroup;
			children = (
				B581832F200AB8C000CAA58C /* Protocols */,
				8849DCF0200A3F1100B94987 /* App Delegate */,
				8849DCE7200A3CAB00B94987 /* Models */,
				8849DCE8200A3CC200B94987 /* Views */,
				8849DCE6200A3C9000B94987 /* Controllers */,
				8849DCE9200A3CE000B94987 /* Storyboards */,
				8849DCEE200A3EB300B94987 /* Assets */,
				8849DCF1200A423C00B94987 /* Common */,
				8849DCEF200A3ECD00B94987 /* Supporting files */,
			);
			path = CampusAppChallenge;
			sourceTree = "<group>";
		};
		8849DCDA200A2A6800B94987 /* CampusAppChallengeTests */ = {
			isa = PBXGroup;
			children = (
				8849DCDB200A2A6800B94987 /* CampusAppChallengeTests.swift */,
				8849DCDD200A2A6800B94987 /* Info.plist */,
			);
			path = CampusAppChallengeTests;
			sourceTree = "<group>";
		};
		8849DCE6200A3C9000B94987 /* Controllers */ = {
			isa = PBXGroup;
			children = (
				8849DCEA200A3D7400B94987 /* TabBarController.swift */,
				8849DCF4200A704A00B94987 /* HomeViewController.swift */,
				8849DCEC200A3DA500B94987 /* VirtualDeskViewController.swift */,
				B5818329200AA54B00CAA58C /* FindMeViewController.swift */,
			);
			path = Controllers;
			sourceTree = "<group>";
		};
		8849DCE7200A3CAB00B94987 /* Models */ = {
			isa = PBXGroup;
			children = (
				B54C5AC7200A5C580053D97D /* USOSApiHandler.swift */,
				8849DCF6200A72A600B94987 /* StateListener.swift */,
				8849DCF8200A764F00B94987 /* MapListener.swift */,
				B5818321200A8E4800CAA58C /* Schedule.swift */,
				B5818323200A8E4E00CAA58C /* Event.swift */,
				B581832B200AB6B800CAA58C /* Lecturer.swift */,
				B5818330200AB8ED00CAA58C /* Collegue.swift */,
			);
			path = Models;
			sourceTree = "<group>";
		};
		8849DCE8200A3CC200B94987 /* Views */ = {
			isa = PBXGroup;
			children = (
				B5818334200AC2EC00CAA58C /* FindPeopleView.swift */,
			);
			path = Views;
			sourceTree = "<group>";
		};
		8849DCE9200A3CE000B94987 /* Storyboards */ = {
			isa = PBXGroup;
			children = (
				8849DCC7200A2A6800B94987 /* Main.storyboard */,
				5FE69025200AA230007AA46F /* FindMe.storyboard */,
				5FE69027200AA949007AA46F /* News.storyboard */,
				8849DCCF200A2A6800B94987 /* LaunchScreen.storyboard */,
			);
			path = Storyboards;
			sourceTree = "<group>";
		};
		8849DCEE200A3EB300B94987 /* Assets */ = {
			isa = PBXGroup;
			children = (
				8849DCCD200A2A6800B94987 /* Assets.xcassets */,
			);
			path = Assets;
			sourceTree = "<group>";
		};
		8849DCEF200A3ECD00B94987 /* Supporting files */ = {
			isa = PBXGroup;
			children = (
				8849DCD2200A2A6800B94987 /* Info.plist */,
			);
			path = "Supporting files";
			sourceTree = "<group>";
		};
		8849DCF0200A3F1100B94987 /* App Delegate */ = {
			isa = PBXGroup;
			children = (
				8849DCC3200A2A6800B94987 /* AppDelegate.swift */,
			);
			path = "App Delegate";
			sourceTree = "<group>";
		};
		8849DCF1200A423C00B94987 /* Common */ = {
			isa = PBXGroup;
			children = (
				8849DCF2200A426A00B94987 /* Values.swift */,
				B5818325200A8F6500CAA58C /* Extensions.swift */,
			);
			path = Common;
			sourceTree = "<group>";
		};
		AA1D8C4224506DD07E87DB23 /* Pods */ = {
			isa = PBXGroup;
			children = (
				C8830DA0CA6DB79E4E2FCFE3 /* Pods-CampusAppChallenge.debug.xcconfig */,
				2D7455B425CAC9E221C3E297 /* Pods-CampusAppChallenge.release.xcconfig */,
			);
			name = Pods;
			sourceTree = "<group>";
		};
		B581832F200AB8C000CAA58C /* Protocols */ = {
			isa = PBXGroup;
			children = (
				B581832D200AB88900CAA58C /* Personable.swift */,
			);
			path = Protocols;
			sourceTree = "<group>";
		};
/* End PBXGroup section */

/* Begin PBXNativeTarget section */
		8849DCBF200A2A6700B94987 /* CampusAppChallenge */ = {
			isa = PBXNativeTarget;
			buildConfigurationList = 8849DCE0200A2A6800B94987 /* Build configuration list for PBXNativeTarget "CampusAppChallenge" */;
			buildPhases = (
				77D96DD95D65B6497582692E /* [CP] Check Pods Manifest.lock */,
				8849DCBC200A2A6700B94987 /* Sources */,
				8849DCBD200A2A6700B94987 /* Frameworks */,
				8849DCBE200A2A6700B94987 /* Resources */,
				8354DA364AE05B429DBBF86B /* [CP] Embed Pods Frameworks */,
				32FE5B40495D3E51CC3C94CC /* [CP] Copy Pods Resources */,
			);
			buildRules = (
			);
			dependencies = (
			);
			name = CampusAppChallenge;
			productName = CampusAppChallenge;
			productReference = 8849DCC0200A2A6700B94987 /* CampusAppChallenge.app */;
			productType = "com.apple.product-type.application";
		};
		8849DCD6200A2A6800B94987 /* CampusAppChallengeTests */ = {
			isa = PBXNativeTarget;
			buildConfigurationList = 8849DCE3200A2A6800B94987 /* Build configuration list for PBXNativeTarget "CampusAppChallengeTests" */;
			buildPhases = (
				8849DCD3200A2A6800B94987 /* Sources */,
				8849DCD4200A2A6800B94987 /* Frameworks */,
				8849DCD5200A2A6800B94987 /* Resources */,
			);
			buildRules = (
			);
			dependencies = (
				8849DCD9200A2A6800B94987 /* PBXTargetDependency */,
			);
			name = CampusAppChallengeTests;
			productName = CampusAppChallengeTests;
			productReference = 8849DCD7200A2A6800B94987 /* CampusAppChallengeTests.xctest */;
			productType = "com.apple.product-type.bundle.unit-test";
		};
/* End PBXNativeTarget section */

/* Begin PBXProject section */
		8849DCB8200A2A6700B94987 /* Project object */ = {
			isa = PBXProject;
			attributes = {
				LastSwiftUpdateCheck = 0920;
				LastUpgradeCheck = 0920;
				ORGANIZATIONNAME = "Lukasz Kawka";
				TargetAttributes = {
					8849DCBF200A2A6700B94987 = {
						CreatedOnToolsVersion = 9.2;
						ProvisioningStyle = Automatic;
					};
					8849DCD6200A2A6800B94987 = {
						CreatedOnToolsVersion = 9.2;
						ProvisioningStyle = Automatic;
						TestTargetID = 8849DCBF200A2A6700B94987;
					};
				};
			};
			buildConfigurationList = 8849DCBB200A2A6700B94987 /* Build configuration list for PBXProject "CampusAppChallenge" */;
			compatibilityVersion = "Xcode 8.0";
			developmentRegion = en;
			hasScannedForEncodings = 0;
			knownRegions = (
				en,
				Base,
			);
			mainGroup = 8849DCB7200A2A6700B94987;
			productRefGroup = 8849DCC1200A2A6700B94987 /* Products */;
			projectDirPath = "";
			projectRoot = "";
			targets = (
				8849DCBF200A2A6700B94987 /* CampusAppChallenge */,
				8849DCD6200A2A6800B94987 /* CampusAppChallengeTests */,
			);
		};
/* End PBXProject section */

/* Begin PBXResourcesBuildPhase section */
		8849DCBE200A2A6700B94987 /* Resources */ = {
			isa = PBXResourcesBuildPhase;
			buildActionMask = 2147483647;
			files = (
				8849DCD1200A2A6800B94987 /* LaunchScreen.storyboard in Resources */,
				8849DCCE200A2A6800B94987 /* Assets.xcassets in Resources */,
				5FE69028200AA949007AA46F /* News.storyboard in Resources */,
				8849DCC9200A2A6800B94987 /* Main.storyboard in Resources */,
				5FE69026200AA231007AA46F /* FindMe.storyboard in Resources */,
			);
			runOnlyForDeploymentPostprocessing = 0;
		};
		8849DCD5200A2A6800B94987 /* Resources */ = {
			isa = PBXResourcesBuildPhase;
			buildActionMask = 2147483647;
			files = (
			);
			runOnlyForDeploymentPostprocessing = 0;
		};
/* End PBXResourcesBuildPhase section */

/* Begin PBXShellScriptBuildPhase section */
		32FE5B40495D3E51CC3C94CC /* [CP] Copy Pods Resources */ = {
			isa = PBXShellScriptBuildPhase;
			buildActionMask = 2147483647;
			files = (
			);
			inputPaths = (
			);
			name = "[CP] Copy Pods Resources";
			outputPaths = (
			);
			runOnlyForDeploymentPostprocessing = 0;
			shellPath = /bin/sh;
			shellScript = "\"${SRCROOT}/Pods/Target Support Files/Pods-CampusAppChallenge/Pods-CampusAppChallenge-resources.sh\"\n";
			showEnvVarsInLog = 0;
		};
		77D96DD95D65B6497582692E /* [CP] Check Pods Manifest.lock */ = {
			isa = PBXShellScriptBuildPhase;
			buildActionMask = 2147483647;
			files = (
			);
			inputPaths = (
				"${PODS_PODFILE_DIR_PATH}/Podfile.lock",
				"${PODS_ROOT}/Manifest.lock",
			);
			name = "[CP] Check Pods Manifest.lock";
			outputPaths = (
				"$(DERIVED_FILE_DIR)/Pods-CampusAppChallenge-checkManifestLockResult.txt",
			);
			runOnlyForDeploymentPostprocessing = 0;
			shellPath = /bin/sh;
			shellScript = "diff \"${PODS_PODFILE_DIR_PATH}/Podfile.lock\" \"${PODS_ROOT}/Manifest.lock\" > /dev/null\nif [ $? != 0 ] ; then\n    # print error to STDERR\n    echo \"error: The sandbox is not in sync with the Podfile.lock. Run 'pod install' or update your CocoaPods installation.\" >&2\n    exit 1\nfi\n# This output is used by Xcode 'outputs' to avoid re-running this script phase.\necho \"SUCCESS\" > \"${SCRIPT_OUTPUT_FILE_0}\"\n";
			showEnvVarsInLog = 0;
		};
		8354DA364AE05B429DBBF86B /* [CP] Embed Pods Frameworks */ = {
			isa = PBXShellScriptBuildPhase;
			buildActionMask = 2147483647;
			files = (
			);
			inputPaths = (
				"${SRCROOT}/Pods/Target Support Files/Pods-CampusAppChallenge/Pods-CampusAppChallenge-frameworks.sh",
				"${BUILT_PRODUCTS_DIR}/AWSCore/AWSCore.framework",
				"${BUILT_PRODUCTS_DIR}/AWSSQS/AWSSQS.framework",
				"${BUILT_PRODUCTS_DIR}/Alamofire/Alamofire.framework",
				"${PODS_ROOT}/IndoorwaySdk/IndoorwaySdk/IndoorwaySdk.framework",
				"${BUILT_PRODUCTS_DIR}/OAuthSwift/OAuthSwift.framework",
				"${BUILT_PRODUCTS_DIR}/SwiftyJSON/SwiftyJSON.framework",
			);
			name = "[CP] Embed Pods Frameworks";
			outputPaths = (
				"${TARGET_BUILD_DIR}/${FRAMEWORKS_FOLDER_PATH}/AWSCore.framework",
				"${TARGET_BUILD_DIR}/${FRAMEWORKS_FOLDER_PATH}/AWSSQS.framework",
				"${TARGET_BUILD_DIR}/${FRAMEWORKS_FOLDER_PATH}/Alamofire.framework",
				"${TARGET_BUILD_DIR}/${FRAMEWORKS_FOLDER_PATH}/IndoorwaySdk.framework",
				"${TARGET_BUILD_DIR}/${FRAMEWORKS_FOLDER_PATH}/OAuthSwift.framework",
				"${TARGET_BUILD_DIR}/${FRAMEWORKS_FOLDER_PATH}/SwiftyJSON.framework",
			);
			runOnlyForDeploymentPostprocessing = 0;
			shellPath = /bin/sh;
			shellScript = "\"${SRCROOT}/Pods/Target Support Files/Pods-CampusAppChallenge/Pods-CampusAppChallenge-frameworks.sh\"\n";
			showEnvVarsInLog = 0;
		};
/* End PBXShellScriptBuildPhase section */

/* Begin PBXSourcesBuildPhase section */
		8849DCBC200A2A6700B94987 /* Sources */ = {
			isa = PBXSourcesBuildPhase;
			buildActionMask = 2147483647;
			files = (
				8849DCF9200A764F00B94987 /* MapListener.swift in Sources */,
				8849DCF7200A72A600B94987 /* StateListener.swift in Sources */,
				8849DCEB200A3D7400B94987 /* TabBarController.swift in Sources */,
				B5818331200AB8ED00CAA58C /* Collegue.swift in Sources */,
				B581832C200AB6B800CAA58C /* Lecturer.swift in Sources */,
				B5818335200AC2EC00CAA58C /* FindPeopleView.swift in Sources */,
				B5818322200A8E4800CAA58C /* Schedule.swift in Sources */,
				B5818324200A8E4E00CAA58C /* Event.swift in Sources */,
				8849DCED200A3DA500B94987 /* VirtualDeskViewController.swift in Sources */,
				8849DCC4200A2A6800B94987 /* AppDelegate.swift in Sources */,
				B581832E200AB88900CAA58C /* Personable.swift in Sources */,
				B54C5AC8200A5C580053D97D /* USOSApiHandler.swift in Sources */,
				8849DCF3200A426A00B94987 /* Values.swift in Sources */,
				B5818326200A8F6500CAA58C /* Extensions.swift in Sources */,
				8849DCF5200A704A00B94987 /* HomeViewController.swift in Sources */,
				B581832A200AA54B00CAA58C /* FindMeViewController.swift in Sources */,
			);
			runOnlyForDeploymentPostprocessing = 0;
		};
		8849DCD3200A2A6800B94987 /* Sources */ = {
			isa = PBXSourcesBuildPhase;
			buildActionMask = 2147483647;
			files = (
				8849DCDC200A2A6800B94987 /* CampusAppChallengeTests.swift in Sources */,
			);
			runOnlyForDeploymentPostprocessing = 0;
		};
/* End PBXSourcesBuildPhase section */

/* Begin PBXTargetDependency section */
		8849DCD9200A2A6800B94987 /* PBXTargetDependency */ = {
			isa = PBXTargetDependency;
			target = 8849DCBF200A2A6700B94987 /* CampusAppChallenge */;
			targetProxy = 8849DCD8200A2A6800B94987 /* PBXContainerItemProxy */;
		};
/* End PBXTargetDependency section */

/* Begin PBXVariantGroup section */
		8849DCC7200A2A6800B94987 /* Main.storyboard */ = {
			isa = PBXVariantGroup;
			children = (
				8849DCC8200A2A6800B94987 /* Base */,
			);
			name = Main.storyboard;
			sourceTree = "<group>";
		};
		8849DCCF200A2A6800B94987 /* LaunchScreen.storyboard */ = {
			isa = PBXVariantGroup;
			children = (
				8849DCD0200A2A6800B94987 /* Base */,
			);
			name = LaunchScreen.storyboard;
			sourceTree = "<group>";
		};
/* End PBXVariantGroup section */

/* Begin XCBuildConfiguration section */
		8849DCDE200A2A6800B94987 /* Debug */ = {
			isa = XCBuildConfiguration;
			buildSettings = {
				ALWAYS_SEARCH_USER_PATHS = NO;
				CLANG_ANALYZER_NONNULL = YES;
				CLANG_ANALYZER_NUMBER_OBJECT_CONVERSION = YES_AGGRESSIVE;
				CLANG_CXX_LANGUAGE_STANDARD = "gnu++14";
				CLANG_CXX_LIBRARY = "libc++";
				CLANG_ENABLE_MODULES = YES;
				CLANG_ENABLE_OBJC_ARC = YES;
				CLANG_WARN_BLOCK_CAPTURE_AUTORELEASING = YES;
				CLANG_WARN_BOOL_CONVERSION = YES;
				CLANG_WARN_COMMA = YES;
				CLANG_WARN_CONSTANT_CONVERSION = YES;
				CLANG_WARN_DIRECT_OBJC_ISA_USAGE = YES_ERROR;
				CLANG_WARN_DOCUMENTATION_COMMENTS = YES;
				CLANG_WARN_EMPTY_BODY = YES;
				CLANG_WARN_ENUM_CONVERSION = YES;
				CLANG_WARN_INFINITE_RECURSION = YES;
				CLANG_WARN_INT_CONVERSION = YES;
				CLANG_WARN_NON_LITERAL_NULL_CONVERSION = YES;
				CLANG_WARN_OBJC_LITERAL_CONVERSION = YES;
				CLANG_WARN_OBJC_ROOT_CLASS = YES_ERROR;
				CLANG_WARN_RANGE_LOOP_ANALYSIS = YES;
				CLANG_WARN_STRICT_PROTOTYPES = YES;
				CLANG_WARN_SUSPICIOUS_MOVE = YES;
				CLANG_WARN_UNGUARDED_AVAILABILITY = YES_AGGRESSIVE;
				CLANG_WARN_UNREACHABLE_CODE = YES;
				CLANG_WARN__DUPLICATE_METHOD_MATCH = YES;
				CODE_SIGN_IDENTITY = "iPhone Developer";
				COPY_PHASE_STRIP = NO;
				DEBUG_INFORMATION_FORMAT = dwarf;
				ENABLE_STRICT_OBJC_MSGSEND = YES;
				ENABLE_TESTABILITY = YES;
				GCC_C_LANGUAGE_STANDARD = gnu11;
				GCC_DYNAMIC_NO_PIC = NO;
				GCC_NO_COMMON_BLOCKS = YES;
				GCC_OPTIMIZATION_LEVEL = 0;
				GCC_PREPROCESSOR_DEFINITIONS = (
					"DEBUG=1",
					"$(inherited)",
				);
				GCC_WARN_64_TO_32_BIT_CONVERSION = YES;
				GCC_WARN_ABOUT_RETURN_TYPE = YES_ERROR;
				GCC_WARN_UNDECLARED_SELECTOR = YES;
				GCC_WARN_UNINITIALIZED_AUTOS = YES_AGGRESSIVE;
				GCC_WARN_UNUSED_FUNCTION = YES;
				GCC_WARN_UNUSED_VARIABLE = YES;
				IPHONEOS_DEPLOYMENT_TARGET = 11.2;
				MTL_ENABLE_DEBUG_INFO = YES;
				ONLY_ACTIVE_ARCH = YES;
				SDKROOT = iphoneos;
				SWIFT_ACTIVE_COMPILATION_CONDITIONS = DEBUG;
				SWIFT_OPTIMIZATION_LEVEL = "-Onone";
			};
			name = Debug;
		};
		8849DCDF200A2A6800B94987 /* Release */ = {
			isa = XCBuildConfiguration;
			buildSettings = {
				ALWAYS_SEARCH_USER_PATHS = NO;
				CLANG_ANALYZER_NONNULL = YES;
				CLANG_ANALYZER_NUMBER_OBJECT_CONVERSION = YES_AGGRESSIVE;
				CLANG_CXX_LANGUAGE_STANDARD = "gnu++14";
				CLANG_CXX_LIBRARY = "libc++";
				CLANG_ENABLE_MODULES = YES;
				CLANG_ENABLE_OBJC_ARC = YES;
				CLANG_WARN_BLOCK_CAPTURE_AUTORELEASING = YES;
				CLANG_WARN_BOOL_CONVERSION = YES;
				CLANG_WARN_COMMA = YES;
				CLANG_WARN_CONSTANT_CONVERSION = YES;
				CLANG_WARN_DIRECT_OBJC_ISA_USAGE = YES_ERROR;
				CLANG_WARN_DOCUMENTATION_COMMENTS = YES;
				CLANG_WARN_EMPTY_BODY = YES;
				CLANG_WARN_ENUM_CONVERSION = YES;
				CLANG_WARN_INFINITE_RECURSION = YES;
				CLANG_WARN_INT_CONVERSION = YES;
				CLANG_WARN_NON_LITERAL_NULL_CONVERSION = YES;
				CLANG_WARN_OBJC_LITERAL_CONVERSION = YES;
				CLANG_WARN_OBJC_ROOT_CLASS = YES_ERROR;
				CLANG_WARN_RANGE_LOOP_ANALYSIS = YES;
				CLANG_WARN_STRICT_PROTOTYPES = YES;
				CLANG_WARN_SUSPICIOUS_MOVE = YES;
				CLANG_WARN_UNGUARDED_AVAILABILITY = YES_AGGRESSIVE;
				CLANG_WARN_UNREACHABLE_CODE = YES;
				CLANG_WARN__DUPLICATE_METHOD_MATCH = YES;
				CODE_SIGN_IDENTITY = "iPhone Developer";
				COPY_PHASE_STRIP = NO;
				DEBUG_INFORMATION_FORMAT = "dwarf-with-dsym";
				ENABLE_NS_ASSERTIONS = NO;
				ENABLE_STRICT_OBJC_MSGSEND = YES;
				GCC_C_LANGUAGE_STANDARD = gnu11;
				GCC_NO_COMMON_BLOCKS = YES;
				GCC_WARN_64_TO_32_BIT_CONVERSION = YES;
				GCC_WARN_ABOUT_RETURN_TYPE = YES_ERROR;
				GCC_WARN_UNDECLARED_SELECTOR = YES;
				GCC_WARN_UNINITIALIZED_AUTOS = YES_AGGRESSIVE;
				GCC_WARN_UNUSED_FUNCTION = YES;
				GCC_WARN_UNUSED_VARIABLE = YES;
				IPHONEOS_DEPLOYMENT_TARGET = 11.2;
				MTL_ENABLE_DEBUG_INFO = NO;
				SDKROOT = iphoneos;
				SWIFT_OPTIMIZATION_LEVEL = "-Owholemodule";
				VALIDATE_PRODUCT = YES;
			};
			name = Release;
		};
		8849DCE1200A2A6800B94987 /* Debug */ = {
			isa = XCBuildConfiguration;
			baseConfigurationReference = C8830DA0CA6DB79E4E2FCFE3 /* Pods-CampusAppChallenge.debug.xcconfig */;
			buildSettings = {
				ASSETCATALOG_COMPILER_APPICON_NAME = AppIcon;
				CODE_SIGN_STYLE = Automatic;
				DEVELOPMENT_TEAM = QMWM9G869M;
				ENABLE_BITCODE = NO;
				INFOPLIST_FILE = "$(SRCROOT)/CampusAppChallenge/Supporting files/Info.plist";
				IPHONEOS_DEPLOYMENT_TARGET = 11.2;
				LD_RUNPATH_SEARCH_PATHS = "$(inherited) @executable_path/Frameworks";
				PRODUCT_BUNDLE_IDENTIFIER = com.CampusAppChalleng;
				PRODUCT_NAME = "$(TARGET_NAME)";
				SWIFT_VERSION = 4.0;
				TARGETED_DEVICE_FAMILY = "1,2";
			};
			name = Debug;
		};
		8849DCE2200A2A6800B94987 /* Release */ = {
			isa = XCBuildConfiguration;
			baseConfigurationReference = 2D7455B425CAC9E221C3E297 /* Pods-CampusAppChallenge.release.xcconfig */;
			buildSettings = {
				ASSETCATALOG_COMPILER_APPICON_NAME = AppIcon;
				CODE_SIGN_STYLE = Automatic;
				DEVELOPMENT_TEAM = QMWM9G869M;
				ENABLE_BITCODE = NO;
				INFOPLIST_FILE = "$(SRCROOT)/CampusAppChallenge/Supporting files/Info.plist";
				IPHONEOS_DEPLOYMENT_TARGET = 11.2;
				LD_RUNPATH_SEARCH_PATHS = "$(inherited) @executable_path/Frameworks";
				PRODUCT_BUNDLE_IDENTIFIER = com.CampusAppChalleng;
				PRODUCT_NAME = "$(TARGET_NAME)";
				SWIFT_VERSION = 4.0;
				TARGETED_DEVICE_FAMILY = "1,2";
			};
			name = Release;
		};
		8849DCE4200A2A6800B94987 /* Debug */ = {
			isa = XCBuildConfiguration;
			buildSettings = {
				ALWAYS_EMBED_SWIFT_STANDARD_LIBRARIES = YES;
				BUNDLE_LOADER = "$(TEST_HOST)";
				CODE_SIGN_STYLE = Automatic;
				INFOPLIST_FILE = CampusAppChallengeTests/Info.plist;
				LD_RUNPATH_SEARCH_PATHS = "$(inherited) @executable_path/Frameworks @loader_path/Frameworks";
				PRODUCT_BUNDLE_IDENTIFIER = app.CampusAppChallengeTests;
				PRODUCT_NAME = "$(TARGET_NAME)";
				SWIFT_VERSION = 4.0;
				TARGETED_DEVICE_FAMILY = "1,2";
				TEST_HOST = "$(BUILT_PRODUCTS_DIR)/CampusAppChallenge.app/CampusAppChallenge";
			};
			name = Debug;
		};
		8849DCE5200A2A6800B94987 /* Release */ = {
			isa = XCBuildConfiguration;
			buildSettings = {
				ALWAYS_EMBED_SWIFT_STANDARD_LIBRARIES = YES;
				BUNDLE_LOADER = "$(TEST_HOST)";
				CODE_SIGN_STYLE = Automatic;
				INFOPLIST_FILE = CampusAppChallengeTests/Info.plist;
				LD_RUNPATH_SEARCH_PATHS = "$(inherited) @executable_path/Frameworks @loader_path/Frameworks";
				PRODUCT_BUNDLE_IDENTIFIER = app.CampusAppChallengeTests;
				PRODUCT_NAME = "$(TARGET_NAME)";
				SWIFT_VERSION = 4.0;
				TARGETED_DEVICE_FAMILY = "1,2";
				TEST_HOST = "$(BUILT_PRODUCTS_DIR)/CampusAppChallenge.app/CampusAppChallenge";
			};
			name = Release;
		};
/* End XCBuildConfiguration section */

/* Begin XCConfigurationList section */
		8849DCBB200A2A6700B94987 /* Build configuration list for PBXProject "CampusAppChallenge" */ = {
			isa = XCConfigurationList;
			buildConfigurations = (
				8849DCDE200A2A6800B94987 /* Debug */,
				8849DCDF200A2A6800B94987 /* Release */,
			);
			defaultConfigurationIsVisible = 0;
			defaultConfigurationName = Release;
		};
		8849DCE0200A2A6800B94987 /* Build configuration list for PBXNativeTarget "CampusAppChallenge" */ = {
			isa = XCConfigurationList;
			buildConfigurations = (
				8849DCE1200A2A6800B94987 /* Debug */,
				8849DCE2200A2A6800B94987 /* Release */,
			);
			defaultConfigurationIsVisible = 0;
			defaultConfigurationName = Release;
		};
		8849DCE3200A2A6800B94987 /* Build configuration list for PBXNativeTarget "CampusAppChallengeTests" */ = {
			isa = XCConfigurationList;
			buildConfigurations = (
				8849DCE4200A2A6800B94987 /* Debug */,
				8849DCE5200A2A6800B94987 /* Release */,
			);
			defaultConfigurationIsVisible = 0;
			defaultConfigurationName = Release;
		};
/* End XCConfigurationList section */
	};
	rootObject = 8849DCB8200A2A6700B94987 /* Project object */;
}
